// !$*UTF8*$!
{
	archiveVersion = 1;
	classes = {
	};
	objectVersion = 52;
	objects = {

/* Begin PBXBuildFile section */
		6F0DAC932776F3E8006D0E47 /* CategoriesViewController.swift in Sources */ = {isa = PBXBuildFile; fileRef = 6F0DAC922776F3E8006D0E47 /* CategoriesViewController.swift */; };
		6F0E6C342775DD1000050F69 /* Main.storyboard in Resources */ = {isa = PBXBuildFile; fileRef = 6F0E6C322775DD1000050F69 /* Main.storyboard */; };
		6F0E6C372775DD1000050F69 /* realibovski.xcdatamodeld in Sources */ = {isa = PBXBuildFile; fileRef = 6F0E6C352775DD1000050F69 /* realibovski.xcdatamodeld */; };
		6F0E6C3C2775DD1100050F69 /* LaunchScreen.storyboard in Resources */ = {isa = PBXBuildFile; fileRef = 6F0E6C3A2775DD1100050F69 /* LaunchScreen.storyboard */; };
		6FA5282927771AAA0001C18D /* AuthViewController.swift in Sources */ = {isa = PBXBuildFile; fileRef = 6FA5282827771AAA0001C18D /* AuthViewController.swift */; };
		A84645B0277733B00016983C /* AppearanceProvider.swift in Sources */ = {isa = PBXBuildFile; fileRef = A84645A2277733AF0016983C /* AppearanceProvider.swift */; };
		A84645B1277733B00016983C /* AuxiliaryModels.swift in Sources */ = {isa = PBXBuildFile; fileRef = A84645A4277733AF0016983C /* AuxiliaryModels.swift */; };
		A84645B2277733B00016983C /* GameModel.swift in Sources */ = {isa = PBXBuildFile; fileRef = A84645A5277733AF0016983C /* GameModel.swift */; };
		A84645B3277733B00016983C /* TileView.swift in Sources */ = {isa = PBXBuildFile; fileRef = A84645A7277733AF0016983C /* TileView.swift */; };
		A84645B4277733B00016983C /* GameboardView.swift in Sources */ = {isa = PBXBuildFile; fileRef = A84645A8277733AF0016983C /* GameboardView.swift */; };
		A84645B5277733B00016983C /* AccessoryViews.swift in Sources */ = {isa = PBXBuildFile; fileRef = A84645A9277733AF0016983C /* AccessoryViews.swift */; };
		A84645B6277733B00016983C /* NumberTileGame.swift in Sources */ = {isa = PBXBuildFile; fileRef = A84645AA277733AF0016983C /* NumberTileGame.swift */; };
		A84645B7277733B00016983C /* NetworkManager.swift in Sources */ = {isa = PBXBuildFile; fileRef = A84645AB277733AF0016983C /* NetworkManager.swift */; };
		A854349E28215E3000786535 /* RightSide.swift in Sources */ = {isa = PBXBuildFile; fileRef = A854349D28215E3000786535 /* RightSide.swift */; };
		A85434A02821D0BE00786535 /* AboutUserViewController.swift in Sources */ = {isa = PBXBuildFile; fileRef = A854349F2821D0BE00786535 /* AboutUserViewController.swift */; };
		A85658222829976900AACA7D /* UserDTO.swift in Sources */ = {isa = PBXBuildFile; fileRef = A85658212829976900AACA7D /* UserDTO.swift */; };
		A85658242829991000AACA7D /* JWTDTO.swift in Sources */ = {isa = PBXBuildFile; fileRef = A85658232829991000AACA7D /* JWTDTO.swift */; };
		A8565827282999F900AACA7D /* RxCocoa in Frameworks */ = {isa = PBXBuildFile; productRef = A8565826282999F900AACA7D /* RxCocoa */; };
		A8565829282999F900AACA7D /* RxRelay in Frameworks */ = {isa = PBXBuildFile; productRef = A8565828282999F900AACA7D /* RxRelay */; };
		A856582B282999F900AACA7D /* RxSwift in Frameworks */ = {isa = PBXBuildFile; productRef = A856582A282999F900AACA7D /* RxSwift */; };
		A856582E28299A6500AACA7D /* Alamofire in Frameworks */ = {isa = PBXBuildFile; productRef = A856582D28299A6500AACA7D /* Alamofire */; };
		A856583228299C6800AACA7D /* AuthService.swift in Sources */ = {isa = PBXBuildFile; fileRef = A856583128299C6800AACA7D /* AuthService.swift */; };
		A856583428299CAE00AACA7D /* RegistrationRequest.swift in Sources */ = {isa = PBXBuildFile; fileRef = A856583328299CAE00AACA7D /* RegistrationRequest.swift */; };
		A85658362829A26C00AACA7D /* StatsService.swift in Sources */ = {isa = PBXBuildFile; fileRef = A85658352829A26C00AACA7D /* StatsService.swift */; };
		A85658382829A29600AACA7D /* RightSideStatsRequest.swift in Sources */ = {isa = PBXBuildFile; fileRef = A85658372829A29600AACA7D /* RightSideStatsRequest.swift */; };
		A856583A2829A2D900AACA7D /* EyeStatsDTO.swift in Sources */ = {isa = PBXBuildFile; fileRef = A85658392829A2D900AACA7D /* EyeStatsDTO.swift */; };
		A856583C2829A3DA00AACA7D /* SuccessDTO.swift in Sources */ = {isa = PBXBuildFile; fileRef = A856583B2829A3DA00AACA7D /* SuccessDTO.swift */; };
		A856583E2829AD2C00AACA7D /* EyeTrackerStatsUploadRequest.swift in Sources */ = {isa = PBXBuildFile; fileRef = A856583D2829AD2C00AACA7D /* EyeTrackerStatsUploadRequest.swift */; };
		A85658D52829B28500AACA7D /* AppDelegate.swift in Sources */ = {isa = PBXBuildFile; fileRef = A85658D42829B28500AACA7D /* AppDelegate.swift */; };
		A85658D72829B2AD00AACA7D /* SceneDelegate.swift in Sources */ = {isa = PBXBuildFile; fileRef = A85658D62829B2AD00AACA7D /* SceneDelegate.swift */; };
		A85658DD2829B2D600AACA7D /* Info.plist in Resources */ = {isa = PBXBuildFile; fileRef = A85658DC2829B2D600AACA7D /* Info.plist */; };
		A856594E2829B37200AACA7D /* Assets.xcassets in Resources */ = {isa = PBXBuildFile; fileRef = A856594D2829B37200AACA7D /* Assets.xcassets */; };
		A85929AD2821DE1000D62F31 /* IQKeyboardManagerSwift in Frameworks */ = {isa = PBXBuildFile; productRef = A85929AC2821DE1000D62F31 /* IQKeyboardManagerSwift */; };
		A8AA5AFB27773E08004BC3DF /* Constants.swift in Sources */ = {isa = PBXBuildFile; fileRef = A8AA5AF027773E08004BC3DF /* Constants.swift */; };
		A8AA5AFC27773E08004BC3DF /* AutolayoutExtension.swift in Sources */ = {isa = PBXBuildFile; fileRef = A8AA5AF127773E08004BC3DF /* AutolayoutExtension.swift */; };
		A8AA5AFD27773E08004BC3DF /* CGPointExtension.swift in Sources */ = {isa = PBXBuildFile; fileRef = A8AA5AF227773E08004BC3DF /* CGPointExtension.swift */; };
		A8AA5AFE27773E08004BC3DF /* CGFloatExtension.swift in Sources */ = {isa = PBXBuildFile; fileRef = A8AA5AF327773E08004BC3DF /* CGFloatExtension.swift */; };
		A8AA5AFF27773E08004BC3DF /* eyeViewController.swift in Sources */ = {isa = PBXBuildFile; fileRef = A8AA5AF527773E08004BC3DF /* eyeViewController.swift */; };
		A8AA5B0027773E08004BC3DF /* ARSCNViewController.swift in Sources */ = {isa = PBXBuildFile; fileRef = A8AA5AF627773E08004BC3DF /* ARSCNViewController.swift */; };
		A8AA5B0127773E08004BC3DF /* Crosshair.swift in Sources */ = {isa = PBXBuildFile; fileRef = A8AA5AF927773E08004BC3DF /* Crosshair.swift */; };
		A8AA5B0427773E4D004BC3DF /* PinLayout in Frameworks */ = {isa = PBXBuildFile; productRef = A8AA5B0327773E4D004BC3DF /* PinLayout */; };
/* End PBXBuildFile section */

/* Begin PBXFileReference section */
		6F0DAC922776F3E8006D0E47 /* CategoriesViewController.swift */ = {isa = PBXFileReference; lastKnownFileType = sourcecode.swift; path = CategoriesViewController.swift; sourceTree = "<group>"; };
		6F0E6C292775DD1000050F69 /* realibovski.app */ = {isa = PBXFileReference; explicitFileType = wrapper.application; includeInIndex = 0; path = realibovski.app; sourceTree = BUILT_PRODUCTS_DIR; };
		6F0E6C332775DD1000050F69 /* Base */ = {isa = PBXFileReference; lastKnownFileType = file.storyboard; name = Base; path = Base.lproj/Main.storyboard; sourceTree = "<group>"; };
		6F0E6C362775DD1000050F69 /* realibovski.xcdatamodel */ = {isa = PBXFileReference; lastKnownFileType = wrapper.xcdatamodel; path = realibovski.xcdatamodel; sourceTree = "<group>"; };
		6F0E6C3B2775DD1100050F69 /* Base */ = {isa = PBXFileReference; lastKnownFileType = file.storyboard; name = Base; path = Base.lproj/LaunchScreen.storyboard; sourceTree = "<group>"; };
		6FA5282827771AAA0001C18D /* AuthViewController.swift */ = {isa = PBXFileReference; lastKnownFileType = sourcecode.swift; path = AuthViewController.swift; sourceTree = "<group>"; };
		A84645A2277733AF0016983C /* AppearanceProvider.swift */ = {isa = PBXFileReference; fileEncoding = 4; lastKnownFileType = sourcecode.swift; path = AppearanceProvider.swift; sourceTree = "<group>"; };
		A84645A4277733AF0016983C /* AuxiliaryModels.swift */ = {isa = PBXFileReference; fileEncoding = 4; lastKnownFileType = sourcecode.swift; path = AuxiliaryModels.swift; sourceTree = "<group>"; };
		A84645A5277733AF0016983C /* GameModel.swift */ = {isa = PBXFileReference; fileEncoding = 4; lastKnownFileType = sourcecode.swift; path = GameModel.swift; sourceTree = "<group>"; };
		A84645A7277733AF0016983C /* TileView.swift */ = {isa = PBXFileReference; fileEncoding = 4; lastKnownFileType = sourcecode.swift; path = TileView.swift; sourceTree = "<group>"; };
		A84645A8277733AF0016983C /* GameboardView.swift */ = {isa = PBXFileReference; fileEncoding = 4; lastKnownFileType = sourcecode.swift; path = GameboardView.swift; sourceTree = "<group>"; };
		A84645A9277733AF0016983C /* AccessoryViews.swift */ = {isa = PBXFileReference; fileEncoding = 4; lastKnownFileType = sourcecode.swift; path = AccessoryViews.swift; sourceTree = "<group>"; };
		A84645AA277733AF0016983C /* NumberTileGame.swift */ = {isa = PBXFileReference; fileEncoding = 4; lastKnownFileType = sourcecode.swift; path = NumberTileGame.swift; sourceTree = "<group>"; };
		A84645AB277733AF0016983C /* NetworkManager.swift */ = {isa = PBXFileReference; fileEncoding = 4; lastKnownFileType = sourcecode.swift; path = NetworkManager.swift; sourceTree = "<group>"; };
		A854349D28215E3000786535 /* RightSide.swift */ = {isa = PBXFileReference; lastKnownFileType = sourcecode.swift; path = RightSide.swift; sourceTree = "<group>"; };
		A854349F2821D0BE00786535 /* AboutUserViewController.swift */ = {isa = PBXFileReference; lastKnownFileType = sourcecode.swift; path = AboutUserViewController.swift; sourceTree = "<group>"; };
		A85658212829976900AACA7D /* UserDTO.swift */ = {isa = PBXFileReference; lastKnownFileType = sourcecode.swift; path = UserDTO.swift; sourceTree = "<group>"; };
		A85658232829991000AACA7D /* JWTDTO.swift */ = {isa = PBXFileReference; lastKnownFileType = sourcecode.swift; path = JWTDTO.swift; sourceTree = "<group>"; };
		A856583128299C6800AACA7D /* AuthService.swift */ = {isa = PBXFileReference; lastKnownFileType = sourcecode.swift; path = AuthService.swift; sourceTree = "<group>"; };
		A856583328299CAE00AACA7D /* RegistrationRequest.swift */ = {isa = PBXFileReference; lastKnownFileType = sourcecode.swift; path = RegistrationRequest.swift; sourceTree = "<group>"; };
		A85658352829A26C00AACA7D /* StatsService.swift */ = {isa = PBXFileReference; lastKnownFileType = sourcecode.swift; path = StatsService.swift; sourceTree = "<group>"; };
		A85658372829A29600AACA7D /* RightSideStatsRequest.swift */ = {isa = PBXFileReference; lastKnownFileType = sourcecode.swift; path = RightSideStatsRequest.swift; sourceTree = "<group>"; };
		A85658392829A2D900AACA7D /* EyeStatsDTO.swift */ = {isa = PBXFileReference; lastKnownFileType = sourcecode.swift; path = EyeStatsDTO.swift; sourceTree = "<group>"; };
		A856583B2829A3DA00AACA7D /* SuccessDTO.swift */ = {isa = PBXFileReference; lastKnownFileType = sourcecode.swift; path = SuccessDTO.swift; sourceTree = "<group>"; };
		A856583D2829AD2C00AACA7D /* EyeTrackerStatsUploadRequest.swift */ = {isa = PBXFileReference; lastKnownFileType = sourcecode.swift; path = EyeTrackerStatsUploadRequest.swift; sourceTree = "<group>"; };
		A85658D42829B28500AACA7D /* AppDelegate.swift */ = {isa = PBXFileReference; fileEncoding = 4; lastKnownFileType = sourcecode.swift; path = AppDelegate.swift; sourceTree = "<group>"; };
		A85658D62829B2AD00AACA7D /* SceneDelegate.swift */ = {isa = PBXFileReference; fileEncoding = 4; lastKnownFileType = sourcecode.swift; path = SceneDelegate.swift; sourceTree = "<group>"; };
		A85658DC2829B2D600AACA7D /* Info.plist */ = {isa = PBXFileReference; fileEncoding = 4; lastKnownFileType = text.plist.xml; path = Info.plist; sourceTree = "<group>"; };
		A856594D2829B37200AACA7D /* Assets.xcassets */ = {isa = PBXFileReference; lastKnownFileType = folder.assetcatalog; path = Assets.xcassets; sourceTree = "<group>"; };
		A8AA5AF027773E08004BC3DF /* Constants.swift */ = {isa = PBXFileReference; fileEncoding = 4; lastKnownFileType = sourcecode.swift; path = Constants.swift; sourceTree = "<group>"; };
		A8AA5AF127773E08004BC3DF /* AutolayoutExtension.swift */ = {isa = PBXFileReference; fileEncoding = 4; lastKnownFileType = sourcecode.swift; path = AutolayoutExtension.swift; sourceTree = "<group>"; };
		A8AA5AF227773E08004BC3DF /* CGPointExtension.swift */ = {isa = PBXFileReference; fileEncoding = 4; lastKnownFileType = sourcecode.swift; path = CGPointExtension.swift; sourceTree = "<group>"; };
		A8AA5AF327773E08004BC3DF /* CGFloatExtension.swift */ = {isa = PBXFileReference; fileEncoding = 4; lastKnownFileType = sourcecode.swift; path = CGFloatExtension.swift; sourceTree = "<group>"; };
		A8AA5AF527773E08004BC3DF /* eyeViewController.swift */ = {isa = PBXFileReference; fileEncoding = 4; lastKnownFileType = sourcecode.swift; path = eyeViewController.swift; sourceTree = "<group>"; };
		A8AA5AF627773E08004BC3DF /* ARSCNViewController.swift */ = {isa = PBXFileReference; fileEncoding = 4; lastKnownFileType = sourcecode.swift; path = ARSCNViewController.swift; sourceTree = "<group>"; };
		A8AA5AF927773E08004BC3DF /* Crosshair.swift */ = {isa = PBXFileReference; fileEncoding = 4; lastKnownFileType = sourcecode.swift; path = Crosshair.swift; sourceTree = "<group>"; };
/* End PBXFileReference section */

/* Begin PBXFrameworksBuildPhase section */
		6F0E6C262775DD1000050F69 /* Frameworks */ = {
			isa = PBXFrameworksBuildPhase;
			buildActionMask = 2147483647;
			files = (
				A8565827282999F900AACA7D /* RxCocoa in Frameworks */,
				A8AA5B0427773E4D004BC3DF /* PinLayout in Frameworks */,
				A856582B282999F900AACA7D /* RxSwift in Frameworks */,
				A856582E28299A6500AACA7D /* Alamofire in Frameworks */,
				A8565829282999F900AACA7D /* RxRelay in Frameworks */,
				A85929AD2821DE1000D62F31 /* IQKeyboardManagerSwift in Frameworks */,
			);
			runOnlyForDeploymentPostprocessing = 0;
		};
/* End PBXFrameworksBuildPhase section */

/* Begin PBXGroup section */
		6F0E6C202775DD1000050F69 = {
			isa = PBXGroup;
			children = (
				6F0E6C2B2775DD1000050F69 /* realibovski */,
				6F0E6C2A2775DD1000050F69 /* Products */,
			);
			sourceTree = "<group>";
		};
		6F0E6C2A2775DD1000050F69 /* Products */ = {
			isa = PBXGroup;
			children = (
				6F0E6C292775DD1000050F69 /* realibovski.app */,
			);
			name = Products;
			sourceTree = "<group>";
		};
		6F0E6C2B2775DD1000050F69 /* realibovski */ = {
			isa = PBXGroup;
			children = (
				A856583028299C5C00AACA7D /* service */,
				A856582F28299C2000AACA7D /* api */,
				6F0DAC922776F3E8006D0E47 /* CategoriesViewController.swift */,
				A85658DC2829B2D600AACA7D /* Info.plist */,
				A85658D42829B28500AACA7D /* AppDelegate.swift */,
				6FA5282827771AAA0001C18D /* AuthViewController.swift */,
				A854349F2821D0BE00786535 /* AboutUserViewController.swift */,
				A85658D62829B2AD00AACA7D /* SceneDelegate.swift */,
				6F0E6C322775DD1000050F69 /* Main.storyboard */,
				A84645A2277733AF0016983C /* AppearanceProvider.swift */,
				A84645A3277733AF0016983C /* Models */,
				A84645AB277733AF0016983C /* NetworkManager.swift */,
				A84645AA277733AF0016983C /* NumberTileGame.swift */,
				A8AA5AEF27773E08004BC3DF /* Helper */,
				A8AA5AF027773E08004BC3DF /* Constants.swift */,
				A8AA5AF127773E08004BC3DF /* AutolayoutExtension.swift */,
				A8AA5AF227773E08004BC3DF /* CGPointExtension.swift */,
				A8AA5AF327773E08004BC3DF /* CGFloatExtension.swift */,
				A8AA5AF427773E08004BC3DF /* ViewController */,
				A8AA5AF527773E08004BC3DF /* eyeViewController.swift */,
				A8AA5AF627773E08004BC3DF /* ARSCNViewController.swift */,
				A854349D28215E3000786535 /* RightSide.swift */,
				A8AA5AF727773E08004BC3DF /* Custom Views */,
				A84645A6277733AF0016983C /* Views */,
				6F0E6C3A2775DD1100050F69 /* LaunchScreen.storyboard */,
				A856594D2829B37200AACA7D /* Assets.xcassets */,
				6F0E6C352775DD1000050F69 /* realibovski.xcdatamodeld */,
			);
			path = realibovski;
			sourceTree = "<group>";
		};
		A84645A3277733AF0016983C /* Models */ = {
			isa = PBXGroup;
			children = (
				A84645A4277733AF0016983C /* AuxiliaryModels.swift */,
				A84645A5277733AF0016983C /* GameModel.swift */,
				A85658212829976900AACA7D /* UserDTO.swift */,
				A85658232829991000AACA7D /* JWTDTO.swift */,
				A85658392829A2D900AACA7D /* EyeStatsDTO.swift */,
				A856583B2829A3DA00AACA7D /* SuccessDTO.swift */,
			);
			path = Models;
			sourceTree = "<group>";
		};
		A84645A6277733AF0016983C /* Views */ = {
			isa = PBXGroup;
			children = (
				A84645A7277733AF0016983C /* TileView.swift */,
				A84645A8277733AF0016983C /* GameboardView.swift */,
				A84645A9277733AF0016983C /* AccessoryViews.swift */,
			);
			path = Views;
			sourceTree = "<group>";
		};
		A856582F28299C2000AACA7D /* api */ = {
			isa = PBXGroup;
			children = (
				A856583328299CAE00AACA7D /* RegistrationRequest.swift */,
				A85658372829A29600AACA7D /* RightSideStatsRequest.swift */,
				A856583D2829AD2C00AACA7D /* EyeTrackerStatsUploadRequest.swift */,
			);
			path = api;
			sourceTree = "<group>";
		};
		A856583028299C5C00AACA7D /* service */ = {
			isa = PBXGroup;
			children = (
				A856583128299C6800AACA7D /* AuthService.swift */,
				A85658352829A26C00AACA7D /* StatsService.swift */,
			);
			path = service;
			sourceTree = "<group>";
		};
		A8AA5AEF27773E08004BC3DF /* Helper */ = {
			isa = PBXGroup;
			children = (
			);
			path = Helper;
			sourceTree = "<group>";
		};
		A8AA5AF427773E08004BC3DF /* ViewController */ = {
			isa = PBXGroup;
			children = (
			);
			path = ViewController;
			sourceTree = "<group>";
		};
		A8AA5AF727773E08004BC3DF /* Custom Views */ = {
			isa = PBXGroup;
			children = (
				A8AA5AF827773E08004BC3DF /* Crosshair */,
			);
			path = "Custom Views";
			sourceTree = "<group>";
		};
		A8AA5AF827773E08004BC3DF /* Crosshair */ = {
			isa = PBXGroup;
			children = (
				A8AA5AF927773E08004BC3DF /* Crosshair.swift */,
			);
			path = Crosshair;
			sourceTree = "<group>";
		};
/* End PBXGroup section */

/* Begin PBXNativeTarget section */
		6F0E6C282775DD1000050F69 /* realibovski */ = {
			isa = PBXNativeTarget;
			buildConfigurationList = 6F0E6C402775DD1100050F69 /* Build configuration list for PBXNativeTarget "realibovski" */;
			buildPhases = (
				6F0E6C252775DD1000050F69 /* Sources */,
				6F0E6C262775DD1000050F69 /* Frameworks */,
				6F0E6C272775DD1000050F69 /* Resources */,
			);
			buildRules = (
			);
			dependencies = (
			);
			name = realibovski;
			packageProductDependencies = (
				A8AA5B0327773E4D004BC3DF /* PinLayout */,
				A85929AC2821DE1000D62F31 /* IQKeyboardManagerSwift */,
				A8565826282999F900AACA7D /* RxCocoa */,
				A8565828282999F900AACA7D /* RxRelay */,
				A856582A282999F900AACA7D /* RxSwift */,
				A856582D28299A6500AACA7D /* Alamofire */,
			);
			productName = realibovski;
			productReference = 6F0E6C292775DD1000050F69 /* realibovski.app */;
			productType = "com.apple.product-type.application";
		};
/* End PBXNativeTarget section */

/* Begin PBXProject section */
		6F0E6C212775DD1000050F69 /* Project object */ = {
			isa = PBXProject;
			attributes = {
				LastSwiftUpdateCheck = 1150;
				LastUpgradeCheck = 1330;
				ORGANIZATIONNAME = AdelineHramtz;
				TargetAttributes = {
					6F0E6C282775DD1000050F69 = {
						CreatedOnToolsVersion = 11.5;
					};
				};
			};
			buildConfigurationList = 6F0E6C242775DD1000050F69 /* Build configuration list for PBXProject "realibovski" */;
			compatibilityVersion = "Xcode 9.3";
			developmentRegion = en;
			hasScannedForEncodings = 0;
			knownRegions = (
				en,
				Base,
			);
			mainGroup = 6F0E6C202775DD1000050F69;
			packageReferences = (
				A8AA5B0227773E4D004BC3DF /* XCRemoteSwiftPackageReference "PinLayout" */,
				A85929AB2821DE1000D62F31 /* XCRemoteSwiftPackageReference "IQKeyboardManager" */,
				A8565825282999F900AACA7D /* XCRemoteSwiftPackageReference "RxSwift" */,
				A856582C28299A6500AACA7D /* XCRemoteSwiftPackageReference "Alamofire" */,
			);
			productRefGroup = 6F0E6C2A2775DD1000050F69 /* Products */;
			projectDirPath = "";
			projectRoot = "";
			targets = (
				6F0E6C282775DD1000050F69 /* realibovski */,
			);
		};
/* End PBXProject section */

/* Begin PBXResourcesBuildPhase section */
		6F0E6C272775DD1000050F69 /* Resources */ = {
			isa = PBXResourcesBuildPhase;
			buildActionMask = 2147483647;
			files = (
				6F0E6C3C2775DD1100050F69 /* LaunchScreen.storyboard in Resources */,
				A856594E2829B37200AACA7D /* Assets.xcassets in Resources */,
				6F0E6C342775DD1000050F69 /* Main.storyboard in Resources */,
				A85658DD2829B2D600AACA7D /* Info.plist in Resources */,
			);
			runOnlyForDeploymentPostprocessing = 0;
		};
/* End PBXResourcesBuildPhase section */

/* Begin PBXSourcesBuildPhase section */
		6F0E6C252775DD1000050F69 /* Sources */ = {
			isa = PBXSourcesBuildPhase;
			buildActionMask = 2147483647;
			files = (
				A85658362829A26C00AACA7D /* StatsService.swift in Sources */,
				A85658382829A29600AACA7D /* RightSideStatsRequest.swift in Sources */,
				A85658D72829B2AD00AACA7D /* SceneDelegate.swift in Sources */,
				A84645B6277733B00016983C /* NumberTileGame.swift in Sources */,
				A8AA5AFF27773E08004BC3DF /* eyeViewController.swift in Sources */,
				A84645B7277733B00016983C /* NetworkManager.swift in Sources */,
				A856583C2829A3DA00AACA7D /* SuccessDTO.swift in Sources */,
				A8AA5AFB27773E08004BC3DF /* Constants.swift in Sources */,
				A84645B1277733B00016983C /* AuxiliaryModels.swift in Sources */,
				A856583228299C6800AACA7D /* AuthService.swift in Sources */,
				A84645B0277733B00016983C /* AppearanceProvider.swift in Sources */,
				A8AA5AFC27773E08004BC3DF /* AutolayoutExtension.swift in Sources */,
				A8AA5B0027773E08004BC3DF /* ARSCNViewController.swift in Sources */,
				A84645B3277733B00016983C /* TileView.swift in Sources */,
				A85658242829991000AACA7D /* JWTDTO.swift in Sources */,
				A8AA5B0127773E08004BC3DF /* Crosshair.swift in Sources */,
				A8AA5AFE27773E08004BC3DF /* CGFloatExtension.swift in Sources */,
				A8AA5AFD27773E08004BC3DF /* CGPointExtension.swift in Sources */,
				A85658D52829B28500AACA7D /* AppDelegate.swift in Sources */,
				6FA5282927771AAA0001C18D /* AuthViewController.swift in Sources */,
				A856583A2829A2D900AACA7D /* EyeStatsDTO.swift in Sources */,
				A84645B2277733B00016983C /* GameModel.swift in Sources */,
				A856583428299CAE00AACA7D /* RegistrationRequest.swift in Sources */,
				A854349E28215E3000786535 /* RightSide.swift in Sources */,
				A84645B4277733B00016983C /* GameboardView.swift in Sources */,
				A85658222829976900AACA7D /* UserDTO.swift in Sources */,
				A84645B5277733B00016983C /* AccessoryViews.swift in Sources */,
				A85434A02821D0BE00786535 /* AboutUserViewController.swift in Sources */,
				A856583E2829AD2C00AACA7D /* EyeTrackerStatsUploadRequest.swift in Sources */,
				6F0DAC932776F3E8006D0E47 /* CategoriesViewController.swift in Sources */,
				6F0E6C372775DD1000050F69 /* realibovski.xcdatamodeld in Sources */,
			);
			runOnlyForDeploymentPostprocessing = 0;
		};
/* End PBXSourcesBuildPhase section */

/* Begin PBXVariantGroup section */
		6F0E6C322775DD1000050F69 /* Main.storyboard */ = {
			isa = PBXVariantGroup;
			children = (
				6F0E6C332775DD1000050F69 /* Base */,
			);
			name = Main.storyboard;
			sourceTree = "<group>";
		};
		6F0E6C3A2775DD1100050F69 /* LaunchScreen.storyboard */ = {
			isa = PBXVariantGroup;
			children = (
				6F0E6C3B2775DD1100050F69 /* Base */,
			);
			name = LaunchScreen.storyboard;
			sourceTree = "<group>";
		};
/* End PBXVariantGroup section */

/* Begin XCBuildConfiguration section */
		6F0E6C3E2775DD1100050F69 /* Debug */ = {
			isa = XCBuildConfiguration;
			buildSettings = {
				ALWAYS_SEARCH_USER_PATHS = NO;
				CLANG_ANALYZER_NONNULL = YES;
				CLANG_ANALYZER_NUMBER_OBJECT_CONVERSION = YES_AGGRESSIVE;
				CLANG_CXX_LANGUAGE_STANDARD = "gnu++14";
				CLANG_CXX_LIBRARY = "libc++";
				CLANG_ENABLE_MODULES = YES;
				CLANG_ENABLE_OBJC_ARC = YES;
				CLANG_ENABLE_OBJC_WEAK = YES;
				CLANG_WARN_BLOCK_CAPTURE_AUTORELEASING = YES;
				CLANG_WARN_BOOL_CONVERSION = YES;
				CLANG_WARN_COMMA = YES;
				CLANG_WARN_CONSTANT_CONVERSION = YES;
				CLANG_WARN_DEPRECATED_OBJC_IMPLEMENTATIONS = YES;
				CLANG_WARN_DIRECT_OBJC_ISA_USAGE = YES_ERROR;
				CLANG_WARN_DOCUMENTATION_COMMENTS = YES;
				CLANG_WARN_EMPTY_BODY = YES;
				CLANG_WARN_ENUM_CONVERSION = YES;
				CLANG_WARN_INFINITE_RECURSION = YES;
				CLANG_WARN_INT_CONVERSION = YES;
				CLANG_WARN_NON_LITERAL_NULL_CONVERSION = YES;
				CLANG_WARN_OBJC_IMPLICIT_RETAIN_SELF = YES;
				CLANG_WARN_OBJC_LITERAL_CONVERSION = YES;
				CLANG_WARN_OBJC_ROOT_CLASS = YES_ERROR;
				CLANG_WARN_QUOTED_INCLUDE_IN_FRAMEWORK_HEADER = YES;
				CLANG_WARN_RANGE_LOOP_ANALYSIS = YES;
				CLANG_WARN_STRICT_PROTOTYPES = YES;
				CLANG_WARN_SUSPICIOUS_MOVE = YES;
				CLANG_WARN_UNGUARDED_AVAILABILITY = YES_AGGRESSIVE;
				CLANG_WARN_UNREACHABLE_CODE = YES;
				CLANG_WARN__DUPLICATE_METHOD_MATCH = YES;
				COPY_PHASE_STRIP = NO;
				DEBUG_INFORMATION_FORMAT = dwarf;
				ENABLE_STRICT_OBJC_MSGSEND = YES;
				ENABLE_TESTABILITY = YES;
				GCC_C_LANGUAGE_STANDARD = gnu11;
				GCC_DYNAMIC_NO_PIC = NO;
				GCC_NO_COMMON_BLOCKS = YES;
				GCC_OPTIMIZATION_LEVEL = 0;
				GCC_PREPROCESSOR_DEFINITIONS = (
					"DEBUG=1",
					"$(inherited)",
				);
				GCC_WARN_64_TO_32_BIT_CONVERSION = YES;
				GCC_WARN_ABOUT_RETURN_TYPE = YES_ERROR;
				GCC_WARN_UNDECLARED_SELECTOR = YES;
				GCC_WARN_UNINITIALIZED_AUTOS = YES_AGGRESSIVE;
				GCC_WARN_UNUSED_FUNCTION = YES;
				GCC_WARN_UNUSED_VARIABLE = YES;
				IPHONEOS_DEPLOYMENT_TARGET = 13.5;
				MTL_ENABLE_DEBUG_INFO = INCLUDE_SOURCE;
				MTL_FAST_MATH = YES;
				ONLY_ACTIVE_ARCH = YES;
				SDKROOT = iphoneos;
				SWIFT_ACTIVE_COMPILATION_CONDITIONS = DEBUG;
				SWIFT_OPTIMIZATION_LEVEL = "-Onone";
			};
			name = Debug;
		};
		6F0E6C3F2775DD1100050F69 /* Release */ = {
			isa = XCBuildConfiguration;
			buildSettings = {
				ALWAYS_SEARCH_USER_PATHS = NO;
				CLANG_ANALYZER_NONNULL = YES;
				CLANG_ANALYZER_NUMBER_OBJECT_CONVERSION = YES_AGGRESSIVE;
				CLANG_CXX_LANGUAGE_STANDARD = "gnu++14";
				CLANG_CXX_LIBRARY = "libc++";
				CLANG_ENABLE_MODULES = YES;
				CLANG_ENABLE_OBJC_ARC = YES;
				CLANG_ENABLE_OBJC_WEAK = YES;
				CLANG_WARN_BLOCK_CAPTURE_AUTORELEASING = YES;
				CLANG_WARN_BOOL_CONVERSION = YES;
				CLANG_WARN_COMMA = YES;
				CLANG_WARN_CONSTANT_CONVERSION = YES;
				CLANG_WARN_DEPRECATED_OBJC_IMPLEMENTATIONS = YES;
				CLANG_WARN_DIRECT_OBJC_ISA_USAGE = YES_ERROR;
				CLANG_WARN_DOCUMENTATION_COMMENTS = YES;
				CLANG_WARN_EMPTY_BODY = YES;
				CLANG_WARN_ENUM_CONVERSION = YES;
				CLANG_WARN_INFINITE_RECURSION = YES;
				CLANG_WARN_INT_CONVERSION = YES;
				CLANG_WARN_NON_LITERAL_NULL_CONVERSION = YES;
				CLANG_WARN_OBJC_IMPLICIT_RETAIN_SELF = YES;
				CLANG_WARN_OBJC_LITERAL_CONVERSION = YES;
				CLANG_WARN_OBJC_ROOT_CLASS = YES_ERROR;
				CLANG_WARN_QUOTED_INCLUDE_IN_FRAMEWORK_HEADER = YES;
				CLANG_WARN_RANGE_LOOP_ANALYSIS = YES;
				CLANG_WARN_STRICT_PROTOTYPES = YES;
				CLANG_WARN_SUSPICIOUS_MOVE = YES;
				CLANG_WARN_UNGUARDED_AVAILABILITY = YES_AGGRESSIVE;
				CLANG_WARN_UNREACHABLE_CODE = YES;
				CLANG_WARN__DUPLICATE_METHOD_MATCH = YES;
				COPY_PHASE_STRIP = NO;
				DEBUG_INFORMATION_FORMAT = "dwarf-with-dsym";
				ENABLE_NS_ASSERTIONS = NO;
				ENABLE_STRICT_OBJC_MSGSEND = YES;
				GCC_C_LANGUAGE_STANDARD = gnu11;
				GCC_NO_COMMON_BLOCKS = YES;
				GCC_WARN_64_TO_32_BIT_CONVERSION = YES;
				GCC_WARN_ABOUT_RETURN_TYPE = YES_ERROR;
				GCC_WARN_UNDECLARED_SELECTOR = YES;
				GCC_WARN_UNINITIALIZED_AUTOS = YES_AGGRESSIVE;
				GCC_WARN_UNUSED_FUNCTION = YES;
				GCC_WARN_UNUSED_VARIABLE = YES;
				IPHONEOS_DEPLOYMENT_TARGET = 13.5;
				MTL_ENABLE_DEBUG_INFO = NO;
				MTL_FAST_MATH = YES;
				SDKROOT = iphoneos;
				SWIFT_COMPILATION_MODE = wholemodule;
				SWIFT_OPTIMIZATION_LEVEL = "-O";
				VALIDATE_PRODUCT = YES;
			};
			name = Release;
		};
		6F0E6C412775DD1100050F69 /* Debug */ = {
			isa = XCBuildConfiguration;
			buildSettings = {
				ASSETCATALOG_COMPILER_APPICON_NAME = AppIcon;
				CODE_SIGN_STYLE = Automatic;
				DEVELOPMENT_TEAM = 26B3X9QZVZ;
				INFOPLIST_FILE = realibovski/Info.plist;
				LD_RUNPATH_SEARCH_PATHS = (
					"$(inherited)",
					"@executable_path/Frameworks",
				);
				PRODUCT_BUNDLE_IDENTIFIER = com.radhold.realibovski;
				PRODUCT_NAME = "$(TARGET_NAME)";
				SWIFT_VERSION = 5.0;
				TARGETED_DEVICE_FAMILY = "1,2";
			};
			name = Debug;
		};
		6F0E6C422775DD1100050F69 /* Release */ = {
			isa = XCBuildConfiguration;
			buildSettings = {
				ASSETCATALOG_COMPILER_APPICON_NAME = AppIcon;
				CODE_SIGN_STYLE = Automatic;
				DEVELOPMENT_TEAM = 26B3X9QZVZ;
				INFOPLIST_FILE = realibovski/Info.plist;
				LD_RUNPATH_SEARCH_PATHS = (
					"$(inherited)",
					"@executable_path/Frameworks",
				);
				PRODUCT_BUNDLE_IDENTIFIER = com.radhold.realibovski;
				PRODUCT_NAME = "$(TARGET_NAME)";
				SWIFT_VERSION = 5.0;
				TARGETED_DEVICE_FAMILY = "1,2";
			};
			name = Release;
		};
/* End XCBuildConfiguration section */

/* Begin XCConfigurationList section */
		6F0E6C242775DD1000050F69 /* Build configuration list for PBXProject "realibovski" */ = {
			isa = XCConfigurationList;
			buildConfigurations = (
				6F0E6C3E2775DD1100050F69 /* Debug */,
				6F0E6C3F2775DD1100050F69 /* Release */,
			);
			defaultConfigurationIsVisible = 0;
			defaultConfigurationName = Release;
		};
		6F0E6C402775DD1100050F69 /* Build configuration list for PBXNativeTarget "realibovski" */ = {
			isa = XCConfigurationList;
			buildConfigurations = (
				6F0E6C412775DD1100050F69 /* Debug */,
				6F0E6C422775DD1100050F69 /* Release */,
			);
			defaultConfigurationIsVisible = 0;
			defaultConfigurationName = Release;
		};
/* End XCConfigurationList section */

/* Begin XCRemoteSwiftPackageReference section */
		A8565825282999F900AACA7D /* XCRemoteSwiftPackageReference "RxSwift" */ = {
			isa = XCRemoteSwiftPackageReference;
			repositoryURL = "https://github.com/ReactiveX/RxSwift";
			requirement = {
				kind = upToNextMajorVersion;
				minimumVersion = 6.0.0;
			};
		};
		A856582C28299A6500AACA7D /* XCRemoteSwiftPackageReference "Alamofire" */ = {
			isa = XCRemoteSwiftPackageReference;
			repositoryURL = "https://github.com/Alamofire/Alamofire";
			requirement = {
				kind = upToNextMajorVersion;
				minimumVersion = 5.0.0;
			};
		};
		A85929AB2821DE1000D62F31 /* XCRemoteSwiftPackageReference "IQKeyboardManager" */ = {
			isa = XCRemoteSwiftPackageReference;
			repositoryURL = "https://github.com/hackiftekhar/IQKeyboardManager";
			requirement = {
				branch = master;
				kind = branch;
			};
		};
		A8AA5B0227773E4D004BC3DF /* XCRemoteSwiftPackageReference "PinLayout" */ = {
			isa = XCRemoteSwiftPackageReference;
			repositoryURL = "https://github.com/layoutBox/PinLayout";
			requirement = {
				branch = master;
				kind = branch;
			};
		};
/* End XCRemoteSwiftPackageReference section */

/* Begin XCSwiftPackageProductDependency section */
		A8565826282999F900AACA7D /* RxCocoa */ = {
			isa = XCSwiftPackageProductDependency;
			package = A8565825282999F900AACA7D /* XCRemoteSwiftPackageReference "RxSwift" */;
			productName = RxCocoa;
		};
		A8565828282999F900AACA7D /* RxRelay */ = {
			isa = XCSwiftPackageProductDependency;
			package = A8565825282999F900AACA7D /* XCRemoteSwiftPackageReference "RxSwift" */;
			productName = RxRelay;
		};
		A856582A282999F900AACA7D /* RxSwift */ = {
			isa = XCSwiftPackageProductDependency;
			package = A8565825282999F900AACA7D /* XCRemoteSwiftPackageReference "RxSwift" */;
			productName = RxSwift;
		};
		A856582D28299A6500AACA7D /* Alamofire */ = {
			isa = XCSwiftPackageProductDependency;
			package = A856582C28299A6500AACA7D /* XCRemoteSwiftPackageReference "Alamofire" */;
			productName = Alamofire;
		};
		A85929AC2821DE1000D62F31 /* IQKeyboardManagerSwift */ = {
			isa = XCSwiftPackageProductDependency;
			package = A85929AB2821DE1000D62F31 /* XCRemoteSwiftPackageReference "IQKeyboardManager" */;
			productName = IQKeyboardManagerSwift;
		};
		A8AA5B0327773E4D004BC3DF /* PinLayout */ = {
			isa = XCSwiftPackageProductDependency;
			package = A8AA5B0227773E4D004BC3DF /* XCRemoteSwiftPackageReference "PinLayout" */;
			productName = PinLayout;
		};
/* End XCSwiftPackageProductDependency section */

/* Begin XCVersionGroup section */
		6F0E6C352775DD1000050F69 /* realibovski.xcdatamodeld */ = {
			isa = XCVersionGroup;
			children = (
				6F0E6C362775DD1000050F69 /* realibovski.xcdatamodel */,
			);
			currentVersion = 6F0E6C362775DD1000050F69 /* realibovski.xcdatamodel */;
			path = realibovski.xcdatamodeld;
			sourceTree = "<group>";
			versionGroupType = wrapper.xcdatamodel;
		};
/* End XCVersionGroup section */
	};
	rootObject = 6F0E6C212775DD1000050F69 /* Project object */;
}
